
Microsoft Visual Studio Solution File, Format Version 12.00
# Visual Studio Version 16
VisualStudioVersion = 16.0.29326.143
MinimumVisualStudioVersion = 10.0.40219.1
Project("{FAE04EC0-301F-11D3-BF4B-00C04F79EFBC}") = "parentesis", "parentesis.csproj", "{3B11D698-41FE-45F1-A33A-AC1C77467C83}"
EndProject
Global
	GlobalSection(SolutionConfigurationPlatforms) = preSolution
		Debug|Any CPU = Debug|Any CPU
		Release|Any CPU = Release|Any CPU
	EndGlobalSection
	GlobalSection(ProjectConfigurationPlatforms) = postSolution
		{3B11D698-41FE-45F1-A33A-AC1C77467C83}.Debug|Any CPU.ActiveCfg = Debug|Any CPU
		{3B11D698-41FE-45F1-A33A-AC1C77467C83}.Debug|Any CPU.Build.0 = Debug|Any CPU
		{3B11D698-41FE-45F1-A33A-AC1C77467C83}.Release|Any CPU.ActiveCfg = Release|Any CPU
		{3B11D698-41FE-45F1-A33A-AC1C77467C83}.Release|Any CPU.Build.0 = Release|Any CPU
	EndGlobalSection
	GlobalSection(SolutionProperties) = preSolution
		HideSolutionNode = FALSE
	EndGlobalSection
	GlobalSection(ExtensibilityGlobals) = postSolution
		SolutionGuid = {4034AFC0-FDEC-4406-A018-51EB7EBCF24D}
	EndGlobalSection
EndGlobal
